
Microsoft Visual Studio Solution File, Format Version 12.00
# Visual Studio Version 16
VisualStudioVersion = 16.0.32802.440
MinimumVisualStudioVersion = 10.0.40219.1
Project("{FAE04EC0-301F-11D3-BF4B-00C04F79EFBC}") = "WindowsFormsApp1", "WindowsFormsApp1\WindowsFormsApp1.csproj", "{36859E82-6965-4A9A-9999-BFA93CC36FAB}"
EndProject
Project("{FAE04EC0-301F-11D3-BF4B-00C04F79EFBC}") = "Dominio", "Dominio\Dominio.csproj", "{0102BB85-CBB9-431F-8BD0-C15FEFEA6A86}"
EndProject
Project("{FAE04EC0-301F-11D3-BF4B-00C04F79EFBC}") = "Service", "Service\Service.csproj", "{6F97A5D4-D173-40ED-9386-611569BE3F27}"
EndProject
Global
	GlobalSection(SolutionConfigurationPlatforms) = preSolution
		Debug|Any CPU = Debug|Any CPU
		Release|Any CPU = Release|Any CPU
	EndGlobalSection
	GlobalSection(ProjectConfigurationPlatforms) = postSolution
		{36859E82-6965-4A9A-9999-BFA93CC36FAB}.Debug|Any CPU.ActiveCfg = Debug|Any CPU
		{36859E82-6965-4A9A-9999-BFA93CC36FAB}.Debug|Any CPU.Build.0 = Debug|Any CPU
		{36859E82-6965-4A9A-9999-BFA93CC36FAB}.Release|Any CPU.ActiveCfg = Release|Any CPU
		{36859E82-6965-4A9A-9999-BFA93CC36FAB}.Release|Any CPU.Build.0 = Release|Any CPU
		{0102BB85-CBB9-431F-8BD0-C15FEFEA6A86}.Debug|Any CPU.ActiveCfg = Debug|Any CPU
		{0102BB85-CBB9-431F-8BD0-C15FEFEA6A86}.Debug|Any CPU.Build.0 = Debug|Any CPU
		{0102BB85-CBB9-431F-8BD0-C15FEFEA6A86}.Release|Any CPU.ActiveCfg = Release|Any CPU
		{0102BB85-CBB9-431F-8BD0-C15FEFEA6A86}.Release|Any CPU.Build.0 = Release|Any CPU
		{6F97A5D4-D173-40ED-9386-611569BE3F27}.Debug|Any CPU.ActiveCfg = Debug|Any CPU
		{6F97A5D4-D173-40ED-9386-611569BE3F27}.Debug|Any CPU.Build.0 = Debug|Any CPU
		{6F97A5D4-D173-40ED-9386-611569BE3F27}.Release|Any CPU.ActiveCfg = Release|Any CPU
		{6F97A5D4-D173-40ED-9386-611569BE3F27}.Release|Any CPU.Build.0 = Release|Any CPU
	EndGlobalSection
	GlobalSection(SolutionProperties) = preSolution
		HideSolutionNode = FALSE
	EndGlobalSection
	GlobalSection(ExtensibilityGlobals) = postSolution
		SolutionGuid = {8609C6C7-BDF4-4A13-9FDD-08B76F4480BC}
	EndGlobalSection
EndGlobal
